{
  "name": "mfc-youth-area-management-system-frontend",
  "version": "0.6.1-vercel-router",
  "lockfileVersion": 3,
  "requires": true,
  "packages": {
    "": {
      "name": "mfc-youth-area-management-system-frontend",
      "version": "0.6.1-vercel-router",
      "engines": {
        "node": "24.x"
      }
    }
  }
}
